
Microsoft Visual Studio Solution File, Format Version 12.00
# Visual Studio Version 17
VisualStudioVersion = 17.7.34031.279
MinimumVisualStudioVersion = 10.0.40219.1
Project("{FAE04EC0-301F-11D3-BF4B-00C04F79EFBC}") = "task4oktyabr", "task4oktyabr\task4oktyabr.csproj", "{A52507E9-ECD9-4887-B2FD-5C167F1F0C32}"
EndProject
Global
	GlobalSection(SolutionConfigurationPlatforms) = preSolution
		Debug|Any CPU = Debug|Any CPU
		Release|Any CPU = Release|Any CPU
	EndGlobalSection
	GlobalSection(ProjectConfigurationPlatforms) = postSolution
		{A52507E9-ECD9-4887-B2FD-5C167F1F0C32}.Debug|Any CPU.ActiveCfg = Debug|Any CPU
		{A52507E9-ECD9-4887-B2FD-5C167F1F0C32}.Debug|Any CPU.Build.0 = Debug|Any CPU
		{A52507E9-ECD9-4887-B2FD-5C167F1F0C32}.Release|Any CPU.ActiveCfg = Release|Any CPU
		{A52507E9-ECD9-4887-B2FD-5C167F1F0C32}.Release|Any CPU.Build.0 = Release|Any CPU
	EndGlobalSection
	GlobalSection(SolutionProperties) = preSolution
		HideSolutionNode = FALSE
	EndGlobalSection
	GlobalSection(ExtensibilityGlobals) = postSolution
		SolutionGuid = {359D37E1-DC88-4679-8E6E-304293955029}
	EndGlobalSection
EndGlobal
